{
  "nodes": {
    "flake-utils": {
      "locked": {
        "lastModified": 1676283394,
        "narHash": "sha256-XX2f9c3iySLCw54rJ/CZs+ZK6IQy7GXNY4nSOyu2QG4=",
        "owner": "numtide",
        "repo": "flake-utils",
        "rev": "3db36a8b464d0c4532ba1c7dda728f4576d6d073",
        "type": "github"
      },
      "original": {
        "owner": "numtide",
        "repo": "flake-utils",
        "type": "github"
      }
    },
    "nixlib": {
      "locked": {
        "lastModified": 1677373009,
        "narHash": "sha256-kxhz4QUP8tXa/yVSpEzDDZSEp9FvhzRqZzb+SeUaekw=",
        "owner": "nix-community",
        "repo": "nixpkgs.lib",
        "rev": "c9d4f2476046c6a7a2ce3c2118c48455bf0272ea",
        "type": "github"
      },
      "original": {
        "owner": "nix-community",
        "repo": "nixpkgs.lib",
        "type": "github"
      }
    },
    "nixos-generators": {
      "inputs": {
        "nixlib": "nixlib",
        "nixpkgs": [
          "nixpkgs"
        ]
      },
      "locked": {
        "lastModified": 1678351966,
        "narHash": "sha256-tRFEU0lu3imZb3dtELBY+UbEhWXbb0xlBrsIlpICb+A=",
        "owner": "nix-community",
        "repo": "nixos-generators",
        "rev": "0c043999b16caba6fb571af2d228775729829943",
        "type": "github"
      },
      "original": {
        "owner": "nix-community",
        "repo": "nixos-generators",
        "type": "github"
      }
    },
    "nixpkgs": {
      "locked": {
        "lastModified": 1679404734,
        "narHash": "sha256-vUz2hSNnPv3NXtF33xep0jakBK357JexMQElWjcg/8k=",
        "owner": "martiert",
        "repo": "nixpkgs",
        "rev": "1be6b2449c36116e0d5a6eefd24c21eec4383de9",
        "type": "github"
      },
      "original": {
        "owner": "martiert",
        "ref": "devicetree",
        "repo": "nixpkgs",
        "type": "github"
      }
    },
    "root": {
      "inputs": {
        "flake-utils": "flake-utils",
        "nixos-generators": "nixos-generators",
        "nixpkgs": "nixpkgs",
        "steev-kernel": "steev-kernel"
      }
    },
    "steev-kernel": {
      "flake": false,
      "locked": {
        "lastModified": 1657738541,
        "narHash": "sha256-eAjKJxnV/fsg1j/JP/b7nm3v7vR5LalTeLG3mpXEaPE=",
        "owner": "steev",
        "repo": "linux",
        "rev": "4a19bb8288ca97519c47f0a3b0528f1aba651386",
        "type": "github"
      },
      "original": {
        "owner": "steev",
        "ref": "lenovo-x13s",
        "repo": "linux",
        "type": "github"
      }
    }
  },
  "root": "root",
  "version": 7
}
